
Microsoft Visual Studio Solution File, Format Version 12.00
# Visual Studio Version 17
VisualStudioVersion = 17.2.32616.157
MinimumVisualStudioVersion = 10.0.40219.1
Project("{FAE04EC0-301F-11D3-BF4B-00C04F79EFBC}") = "WpfRevealInMemorySample1", "WpfRevealInMemorySample1\WpfRevealInMemorySample1.csproj", "{D53EE43F-E4BC-4EC0-B8C3-4058DE2C436E}"
EndProject
Global
	GlobalSection(SolutionConfigurationPlatforms) = preSolution
		Debug|Any CPU = Debug|Any CPU
		Release|Any CPU = Release|Any CPU
	EndGlobalSection
	GlobalSection(ProjectConfigurationPlatforms) = postSolution
		{D53EE43F-E4BC-4EC0-B8C3-4058DE2C436E}.Debug|Any CPU.ActiveCfg = Debug|Any CPU
		{D53EE43F-E4BC-4EC0-B8C3-4058DE2C436E}.Debug|Any CPU.Build.0 = Debug|Any CPU
		{D53EE43F-E4BC-4EC0-B8C3-4058DE2C436E}.Release|Any CPU.ActiveCfg = Release|Any CPU
		{D53EE43F-E4BC-4EC0-B8C3-4058DE2C436E}.Release|Any CPU.Build.0 = Release|Any CPU
	EndGlobalSection
	GlobalSection(SolutionProperties) = preSolution
		HideSolutionNode = FALSE
	EndGlobalSection
	GlobalSection(ExtensibilityGlobals) = postSolution
		SolutionGuid = {70C64B15-F381-4046-8C97-9D0195614AA8}
	EndGlobalSection
EndGlobal
